
Microsoft Visual Studio Solution File, Format Version 11.00
# Visual Studio 2010
Project("{FAE04EC0-301F-11D3-BF4B-00C04F79EFBC}") = "Assembly-CSharp", "Assembly-CSharp.csproj", "{DC024037-B28E-75E9-5330-8DF0E5529EC4}"
EndProject
Global
	GlobalSection(SolutionConfigurationPlatforms) = preSolution
		Debug|Any CPU = Debug|Any CPU
		Release|Any CPU = Release|Any CPU
	EndGlobalSection
	GlobalSection(ProjectConfigurationPlatforms) = postSolution
		{DC024037-B28E-75E9-5330-8DF0E5529EC4}.Debug|Any CPU.ActiveCfg = Debug|Any CPU
		{DC024037-B28E-75E9-5330-8DF0E5529EC4}.Debug|Any CPU.Build.0 = Debug|Any CPU
		{DC024037-B28E-75E9-5330-8DF0E5529EC4}.Release|Any CPU.ActiveCfg = Release|Any CPU
		{DC024037-B28E-75E9-5330-8DF0E5529EC4}.Release|Any CPU.Build.0 = Release|Any CPU
	EndGlobalSection
	GlobalSection(SolutionProperties) = preSolution
		HideSolutionNode = FALSE
	EndGlobalSection
EndGlobal
